
Microsoft Visual Studio Solution File, Format Version 12.00
# Visual Studio 15
VisualStudioVersion = 15.0.28307.271
MinimumVisualStudioVersion = 10.0.40219.1
Project("{8BC9CEB8-8B4A-11D0-8D11-00A0C91BC942}") = "ClientServerStack", "ClientServerStack\ClientServerStack.vcxproj", "{78DF74D0-66E5-488E-BDE3-F53ECD13339C}"
EndProject
Global
	GlobalSection(SolutionConfigurationPlatforms) = preSolution
		Debug|x64 = Debug|x64
		Debug|x86 = Debug|x86
		Release|x64 = Release|x64
		Release|x86 = Release|x86
	EndGlobalSection
	GlobalSection(ProjectConfigurationPlatforms) = postSolution
		{78DF74D0-66E5-488E-BDE3-F53ECD13339C}.Debug|x64.ActiveCfg = Debug|x64
		{78DF74D0-66E5-488E-BDE3-F53ECD13339C}.Debug|x64.Build.0 = Debug|x64
		{78DF74D0-66E5-488E-BDE3-F53ECD13339C}.Debug|x86.ActiveCfg = Debug|Win32
		{78DF74D0-66E5-488E-BDE3-F53ECD13339C}.Debug|x86.Build.0 = Debug|Win32
		{78DF74D0-66E5-488E-BDE3-F53ECD13339C}.Release|x64.ActiveCfg = Release|x64
		{78DF74D0-66E5-488E-BDE3-F53ECD13339C}.Release|x64.Build.0 = Release|x64
		{78DF74D0-66E5-488E-BDE3-F53ECD13339C}.Release|x86.ActiveCfg = Release|Win32
		{78DF74D0-66E5-488E-BDE3-F53ECD13339C}.Release|x86.Build.0 = Release|Win32
	EndGlobalSection
	GlobalSection(SolutionProperties) = preSolution
		HideSolutionNode = FALSE
	EndGlobalSection
	GlobalSection(ExtensibilityGlobals) = postSolution
		SolutionGuid = {844E0FF3-CA03-4D6E-96E0-8665397C795A}
	EndGlobalSection
EndGlobal
